
Microsoft Visual Studio Solution File, Format Version 12.00
# Visual Studio 2013
VisualStudioVersion = 12.0.31101.0
MinimumVisualStudioVersion = 10.0.40219.1
Project("{8BC9CEB8-8B4A-11D0-8D11-00A0C91BC942}") = "TeaProductionLine IMS", "TeaProductionLine IMS\TeaProductionLine IMS.vcxproj", "{7E8D4209-EDF1-4525-AC4D-4E1A6DE8B2FB}"
EndProject
Global
	GlobalSection(SolutionConfigurationPlatforms) = preSolution
		Debug|Win32 = Debug|Win32
		Release|Win32 = Release|Win32
	EndGlobalSection
	GlobalSection(ProjectConfigurationPlatforms) = postSolution
		{7E8D4209-EDF1-4525-AC4D-4E1A6DE8B2FB}.Debug|Win32.ActiveCfg = Debug|Win32
		{7E8D4209-EDF1-4525-AC4D-4E1A6DE8B2FB}.Debug|Win32.Build.0 = Debug|Win32
		{7E8D4209-EDF1-4525-AC4D-4E1A6DE8B2FB}.Release|Win32.ActiveCfg = Release|Win32
		{7E8D4209-EDF1-4525-AC4D-4E1A6DE8B2FB}.Release|Win32.Build.0 = Release|Win32
	EndGlobalSection
	GlobalSection(SolutionProperties) = preSolution
		HideSolutionNode = FALSE
	EndGlobalSection
EndGlobal
