<?xml version="1.0" encoding="utf-8"?>
<Project ToolsVersion="4.0" xmlns="http://schemas.microsoft.com/developer/msbuild/2003">
  <ItemGroup>
    <Filter Include="源文件">
      <UniqueIdentifier>{4FC737F1-C7A5-4376-A066-2A32D752A2FF}</UniqueIdentifier>
      <Extensions>cpp;c;cc;cxx;def;odl;idl;hpj;bat;asm;asmx</Extensions>
    </Filter>
    <Filter Include="头文件">
      <UniqueIdentifier>{93995380-89BD-4b04-88EB-625FBE52EBFB}</UniqueIdentifier>
      <Extensions>h;hh;hpp;hxx;hm;inl;inc;xsd</Extensions>
    </Filter>
    <Filter Include="资源文件">
      <UniqueIdentifier>{67DA6AB6-F800-4c08-8B7A-83BB121AAD01}</UniqueIdentifier>
      <Extensions>rc;ico;cur;bmp;dlg;rc2;rct;bin;rgs;gif;jpg;jpeg;jpe;resx;tiff;tif;png;wav;mfcribbon-ms</Extensions>
    </Filter>
  </ItemGroup>
  <ItemGroup>
    <Text Include="ReadMe.txt" />
  </ItemGroup>
  <ItemGroup>
    <ClInclude Include="TeaProductionLine IMS.h">
      <Filter>头文件</Filter>
    </ClInclude>
    <ClInclude Include="MainDlg.h">
      <Filter>头文件</Filter>
    </ClInclude>
    <ClInclude Include="DlgProxy.h">
      <Filter>头文件</Filter>
    </ClInclude>
    <ClInclude Include="stdafx.h">
      <Filter>头文件</Filter>
    </ClInclude>
    <ClInclude Include="targetver.h">
      <Filter>头文件</Filter>
    </ClInclude>
    <ClInclude Include="Resource.h">
      <Filter>头文件</Filter>
    </ClInclude>
    <ClInclude Include="InitDlg.h">
      <Filter>头文件</Filter>
    </ClInclude>
    <ClInclude Include="EditOwnerPopDlg.h">
      <Filter>头文件</Filter>
    </ClInclude>
    <ClInclude Include="EditLinePopDlg.h">
      <Filter>头文件</Filter>
    </ClInclude>
    <ClInclude Include="EditModulePopDlg.h">
      <Filter>头文件</Filter>
    </ClInclude>
    <ClInclude Include="EditDevicePopDlg.h">
      <Filter>头文件</Filter>
    </ClInclude>
    <ClInclude Include="EditPlcPopDlg.h">
      <Filter>头文件</Filter>
    </ClInclude>
    <ClInclude Include="EditVedioPopDlg.h">
      <Filter>头文件</Filter>
    </ClInclude>
    <ClInclude Include="EditPlcParaDlg.h">
      <Filter>头文件</Filter>
    </ClInclude>
    <ClInclude Include="EditDeviceParaTabDlg.h">
      <Filter>头文件</Filter>
    </ClInclude>
    <ClInclude Include="EditDeviceParaPopDlg.h">
      <Filter>头文件</Filter>
    </ClInclude>
    <ClInclude Include="EditErrorParaTabDlg.h">
      <Filter>头文件</Filter>
    </ClInclude>
    <ClInclude Include="EditErrorParaPopDlg.h">
      <Filter>头文件</Filter>
    </ClInclude>
    <ClInclude Include="EditModuleParaTabDlg.h">
      <Filter>头文件</Filter>
    </ClInclude>
    <ClInclude Include="EditModuleParaPopDlg.h">
      <Filter>头文件</Filter>
    </ClInclude>
    <ClInclude Include="EditStateParaTabDlg.h">
      <Filter>头文件</Filter>
    </ClInclude>
    <ClInclude Include="EditStateParaPopDlg.h">
      <Filter>头文件</Filter>
    </ClInclude>
    <ClInclude Include="UserManageDlg.h">
      <Filter>头文件</Filter>
    </ClInclude>
    <ClInclude Include="AllUserManageDlg.h">
      <Filter>头文件</Filter>
    </ClInclude>
    <ClInclude Include="EditUserPopDlg.h">
      <Filter>头文件</Filter>
    </ClInclude>
    <ClInclude Include="EditPassWordDlg.h">
      <Filter>头文件</Filter>
    </ClInclude>
    <ClInclude Include="VedioChiDlg.h">
      <Filter>头文件</Filter>
    </ClInclude>
    <ClInclude Include="DeviceChiDlg.h">
      <Filter>头文件</Filter>
    </ClInclude>
    <ClInclude Include="DataProvider.h">
      <Filter>头文件</Filter>
    </ClInclude>
    <ClInclude Include="DeviceClass.h">
      <Filter>头文件</Filter>
    </ClInclude>
    <ClInclude Include="DevicePara.h">
      <Filter>头文件</Filter>
    </ClInclude>
    <ClInclude Include="FaultPara.h">
      <Filter>头文件</Filter>
    </ClInclude>
    <ClInclude Include="LoginUser.h">
      <Filter>头文件</Filter>
    </ClInclude>
    <ClInclude Include="PlcClass.h">
      <Filter>头文件</Filter>
    </ClInclude>
    <ClInclude Include="ProcessModuleClass.h">
      <Filter>头文件</Filter>
    </ClInclude>
    <ClInclude Include="ProcessModulePara.h">
      <Filter>头文件</Filter>
    </ClInclude>
    <ClInclude Include="ProductionLineClass.h">
      <Filter>头文件</Filter>
    </ClInclude>
    <ClInclude Include="StatePara.h">
      <Filter>头文件</Filter>
    </ClInclude>
    <ClInclude Include="tbDevice.h">
      <Filter>头文件</Filter>
    </ClInclude>
    <ClInclude Include="tbDevicePara.h">
      <Filter>头文件</Filter>
    </ClInclude>
    <ClInclude Include="tbFaultPara.h">
      <Filter>头文件</Filter>
    </ClInclude>
    <ClInclude Include="tbLoginUser.h">
      <Filter>头文件</Filter>
    </ClInclude>
    <ClInclude Include="tbPLc.h">
      <Filter>头文件</Filter>
    </ClInclude>
    <ClInclude Include="tbProcessModule.h">
      <Filter>头文件</Filter>
    </ClInclude>
    <ClInclude Include="tbProcessPara.h">
      <Filter>头文件</Filter>
    </ClInclude>
    <ClInclude Include="tbProductionLine.h">
      <Filter>头文件</Filter>
    </ClInclude>
    <ClInclude Include="tbStatePara.h">
      <Filter>头文件</Filter>
    </ClInclude>
    <ClInclude Include="tbUser.h">
      <Filter>头文件</Filter>
    </ClInclude>
    <ClInclude Include="tbVideo.h">
      <Filter>头文件</Filter>
    </ClInclude>
    <ClInclude Include="UserClass.h">
      <Filter>头文件</Filter>
    </ClInclude>
    <ClInclude Include="VideoClass.h">
      <Filter>头文件</Filter>
    </ClInclude>
    <ClInclude Include="realplayxctrl1.h">
      <Filter>头文件</Filter>
    </ClInclude>
    <ClInclude Include="LoginDlg.h">
      <Filter>头文件</Filter>
    </ClInclude>
    <ClInclude Include="DeviceContrlPopDlg.h">
      <Filter>头文件</Filter>
    </ClInclude>
    <ClInclude Include="ConfigChiDlg.h">
      <Filter>头文件</Filter>
    </ClInclude>
    <ClInclude Include="NewConfigGraChiDlg.h">
      <Filter>头文件</Filter>
    </ClInclude>
    <ClInclude Include="OldConfigGraChiDlg.h">
      <Filter>头文件</Filter>
    </ClInclude>
    <ClInclude Include="FormulaClass.h">
      <Filter>头文件</Filter>
    </ClInclude>
    <ClInclude Include="tbFormula.h">
      <Filter>头文件</Filter>
    </ClInclude>
    <ClInclude Include="AddConfigParaPopDlg.h">
      <Filter>头文件</Filter>
    </ClInclude>
    <ClInclude Include="ParaCheckUtil.h">
      <Filter>头文件</Filter>
    </ClInclude>
    <ClInclude Include="Weather.h">
      <Filter>头文件</Filter>
    </ClInclude>
    <ClInclude Include="PlcStatusDlg.h">
      <Filter>头文件</Filter>
    </ClInclude>
    <ClInclude Include="Modbus.h">
      <Filter>头文件</Filter>
    </ClInclude>
    <ClInclude Include="ReadDataPacket.h">
      <Filter>头文件</Filter>
    </ClInclude>
    <ClInclude Include="TCPClient.h">
      <Filter>头文件</Filter>
    </ClInclude>
    <ClInclude Include="Thread.h">
      <Filter>头文件</Filter>
    </ClInclude>
  </ItemGroup>
  <ItemGroup>
    <ClCompile Include="TeaProductionLine IMS.cpp">
      <Filter>源文件</Filter>
    </ClCompile>
    <ClCompile Include="MainDlg.cpp">
      <Filter>源文件</Filter>
    </ClCompile>
    <ClCompile Include="DlgProxy.cpp">
      <Filter>源文件</Filter>
    </ClCompile>
    <ClCompile Include="stdafx.cpp">
      <Filter>源文件</Filter>
    </ClCompile>
    <ClCompile Include="InitDlg.cpp">
      <Filter>源文件</Filter>
    </ClCompile>
    <ClCompile Include="EditOwnerPopDlg.cpp">
      <Filter>源文件</Filter>
    </ClCompile>
    <ClCompile Include="EditLinePopDlg.cpp">
      <Filter>源文件</Filter>
    </ClCompile>
    <ClCompile Include="EditModulePopDlg.cpp">
      <Filter>源文件</Filter>
    </ClCompile>
    <ClCompile Include="EditDevicePopDlg.cpp">
      <Filter>源文件</Filter>
    </ClCompile>
    <ClCompile Include="EditPlcPopDlg.cpp">
      <Filter>源文件</Filter>
    </ClCompile>
    <ClCompile Include="EditVedioPopDlg.cpp">
      <Filter>源文件</Filter>
    </ClCompile>
    <ClCompile Include="EditPlcParaDlg.cpp">
      <Filter>源文件</Filter>
    </ClCompile>
    <ClCompile Include="EditDeviceParaTabDlg.cpp">
      <Filter>源文件</Filter>
    </ClCompile>
    <ClCompile Include="EditDeviceParaPopDlg.cpp">
      <Filter>源文件</Filter>
    </ClCompile>
    <ClCompile Include="EditErrorParaTabDlg.cpp">
      <Filter>源文件</Filter>
    </ClCompile>
    <ClCompile Include="EditErrorParaPopDlg.cpp">
      <Filter>源文件</Filter>
    </ClCompile>
    <ClCompile Include="EditModuleParaTabDlg.cpp">
      <Filter>源文件</Filter>
    </ClCompile>
    <ClCompile Include="EditModuleParaPopDlg.cpp">
      <Filter>源文件</Filter>
    </ClCompile>
    <ClCompile Include="EditStateParaTabDlg.cpp">
      <Filter>源文件</Filter>
    </ClCompile>
    <ClCompile Include="EditStateParaPopDlg.cpp">
      <Filter>源文件</Filter>
    </ClCompile>
    <ClCompile Include="UserManageDlg.cpp">
      <Filter>源文件</Filter>
    </ClCompile>
    <ClCompile Include="AllUserManageDlg.cpp">
      <Filter>源文件</Filter>
    </ClCompile>
    <ClCompile Include="EditUserPopDlg.cpp">
      <Filter>源文件</Filter>
    </ClCompile>
    <ClCompile Include="EditPassWordDlg.cpp">
      <Filter>源文件</Filter>
    </ClCompile>
    <ClCompile Include="VedioChiDlg.cpp">
      <Filter>源文件</Filter>
    </ClCompile>
    <ClCompile Include="DeviceChiDlg.cpp">
      <Filter>源文件</Filter>
    </ClCompile>
    <ClCompile Include="DataProvider.cpp">
      <Filter>源文件</Filter>
    </ClCompile>
    <ClCompile Include="DeviceClass.cpp">
      <Filter>源文件</Filter>
    </ClCompile>
    <ClCompile Include="DevicePara.cpp">
      <Filter>源文件</Filter>
    </ClCompile>
    <ClCompile Include="FaultPara.cpp">
      <Filter>源文件</Filter>
    </ClCompile>
    <ClCompile Include="LoginUser.cpp">
      <Filter>源文件</Filter>
    </ClCompile>
    <ClCompile Include="PlcClass.cpp">
      <Filter>源文件</Filter>
    </ClCompile>
    <ClCompile Include="ProcessModuleClass.cpp">
      <Filter>源文件</Filter>
    </ClCompile>
    <ClCompile Include="ProcessModulePara.cpp">
      <Filter>源文件</Filter>
    </ClCompile>
    <ClCompile Include="ProductionLineClass.cpp">
      <Filter>源文件</Filter>
    </ClCompile>
    <ClCompile Include="StatePara.cpp">
      <Filter>源文件</Filter>
    </ClCompile>
    <ClCompile Include="tbDevice.cpp">
      <Filter>源文件</Filter>
    </ClCompile>
    <ClCompile Include="tbDevicePara.cpp">
      <Filter>源文件</Filter>
    </ClCompile>
    <ClCompile Include="tbFaultPara.cpp">
      <Filter>源文件</Filter>
    </ClCompile>
    <ClCompile Include="tbLoginUser.cpp">
      <Filter>源文件</Filter>
    </ClCompile>
    <ClCompile Include="tbPLc.cpp">
      <Filter>源文件</Filter>
    </ClCompile>
    <ClCompile Include="tbProcessModule.cpp">
      <Filter>源文件</Filter>
    </ClCompile>
    <ClCompile Include="tbProcessPara.cpp">
      <Filter>源文件</Filter>
    </ClCompile>
    <ClCompile Include="tbProductionLine.cpp">
      <Filter>源文件</Filter>
    </ClCompile>
    <ClCompile Include="tbStatePara.cpp">
      <Filter>源文件</Filter>
    </ClCompile>
    <ClCompile Include="tbUser.cpp">
      <Filter>源文件</Filter>
    </ClCompile>
    <ClCompile Include="tbVideo.cpp">
      <Filter>源文件</Filter>
    </ClCompile>
    <ClCompile Include="UserClass.cpp">
      <Filter>源文件</Filter>
    </ClCompile>
    <ClCompile Include="VideoClass.cpp">
      <Filter>源文件</Filter>
    </ClCompile>
    <ClCompile Include="realplayxctrl1.cpp">
      <Filter>源文件</Filter>
    </ClCompile>
    <ClCompile Include="LoginDlg.cpp">
      <Filter>源文件</Filter>
    </ClCompile>
    <ClCompile Include="DeviceContrlPopDlg.cpp">
      <Filter>源文件</Filter>
    </ClCompile>
    <ClCompile Include="ConfigChiDlg.cpp">
      <Filter>源文件</Filter>
    </ClCompile>
    <ClCompile Include="NewConfigGraChiDlg.cpp">
      <Filter>源文件</Filter>
    </ClCompile>
    <ClCompile Include="OldConfigGraChiDlg.cpp">
      <Filter>源文件</Filter>
    </ClCompile>
    <ClCompile Include="FormulaClass.cpp">
      <Filter>源文件</Filter>
    </ClCompile>
    <ClCompile Include="tbFormula.cpp">
      <Filter>源文件</Filter>
    </ClCompile>
    <ClCompile Include="AddConfigParaPopDlg.cpp">
      <Filter>源文件</Filter>
    </ClCompile>
    <ClCompile Include="ParaCheckUtil.cpp">
      <Filter>源文件</Filter>
    </ClCompile>
    <ClCompile Include="Weather.cpp">
      <Filter>源文件</Filter>
    </ClCompile>
    <ClCompile Include="PlcStatusDlg.cpp">
      <Filter>源文件</Filter>
    </ClCompile>
    <ClCompile Include="Modbus.cpp">
      <Filter>源文件</Filter>
    </ClCompile>
    <ClCompile Include="ReadDataPacket.cpp">
      <Filter>源文件</Filter>
    </ClCompile>
    <ClCompile Include="TCPClient.cpp">
      <Filter>源文件</Filter>
    </ClCompile>
    <ClCompile Include="Thread.cpp">
      <Filter>源文件</Filter>
    </ClCompile>
  </ItemGroup>
  <ItemGroup>
    <Midl Include="TeaProductionLineIMS.idl">
      <Filter>源文件</Filter>
    </Midl>
  </ItemGroup>
  <ItemGroup>
    <None Include="TeaProductionLine IMS.reg" />
    <None Include="res\TeaProductionLineIMS.rc2">
      <Filter>资源文件</Filter>
    </None>
  </ItemGroup>
  <ItemGroup>
    <ResourceCompile Include="TeaProductionLine IMS.rc">
      <Filter>资源文件</Filter>
    </ResourceCompile>
  </ItemGroup>
  <ItemGroup>
    <Image Include="res\TeaProductionLine IMS.ico">
      <Filter>资源文件</Filter>
    </Image>
    <Image Include="res\bitmap1.bmp">
      <Filter>资源文件</Filter>
    </Image>
    <Image Include="res\bitmap2.bmp">
      <Filter>资源文件</Filter>
    </Image>
    <Image Include="res\bitmap3.bmp">
      <Filter>资源文件</Filter>
    </Image>
    <Image Include="res\xiangfengLOGO.bmp">
      <Filter>资源文件</Filter>
    </Image>
    <Image Include="res\LongLOGO.bmp">
      <Filter>资源文件</Filter>
    </Image>
    <Image Include="res\LOGO  LINE.bmp">
      <Filter>资源文件</Filter>
    </Image>
    <Image Include="res\green light.bmp">
      <Filter>资源文件</Filter>
    </Image>
    <Image Include="res\white light.bmp">
      <Filter>资源文件</Filter>
    </Image>
    <Image Include="res\minusB.ico">
      <Filter>资源文件</Filter>
    </Image>
    <Image Include="res\32.ico">
      <Filter>资源文件</Filter>
    </Image>
  </ItemGroup>
</Project>